<?xml version="1.0" encoding="utf-8"?>
<Project ToolsVersion="4.0" xmlns="http://schemas.microsoft.com/developer/msbuild/2003">
  <ItemGroup>
    <Filter Include="Identifiers">
      <UniqueIdentifier>{2e75bf3d-12d3-4fa5-8182-05ffe2c0653b}</UniqueIdentifier>
    </Filter>
  </ItemGroup>
  <ItemGroup>
    <ClCompile Include="$(MSBuildThisFileDirectory)Intrinsics.ixx" />
    <ClCompile Include="$(MSBuildThisFileDirectory)Addressing.ixx" />
    <ClCompile Include="$(MSBuildThisFileDirectory)Context.ixx" />
    <ClCompile Include="$(MSBuildThisFileDirectory)EndPoint.ixx" />
    <ClCompile Include="$(MSBuildThisFileDirectory)Network.ixx" />
    <ClCompile Include="$(MSBuildThisFileDirectory)Operations.ixx" />
    <ClCompile Include="$(MSBuildThisFileDirectory)Socket.ixx" />
    <ClCompile Include="$(MSBuildThisFileDirectory)CompletionPort.ixx" />
    <ClCompile Include="$(MSBuildThisFileDirectory)Promise.ixx" />
    <ClCompile Include="$(MSBuildThisFileDirectory)IoState.ixx" />
    <ClCompile Include="$(MSBuildThisFileDirectory)Worker.ixx" />
    <ClCompile Include="$(MSBuildThisFileDirectory)SocketABi.ixx" />
    <ClCompile Include="$(MSBuildThisFileDirectory)BasicSocket.ixx" />
    <ClCompile Include="$(MSBuildThisFileDirectory)RIO.ixx" />
  </ItemGroup>
  <ItemGroup>
    <Natvis Include="$(MSBuildThisFileDirectory)Network.natvis" />
  </ItemGroup>
</Project>